
Microsoft Visual Studio Solution File, Format Version 12.00
# Visual Studio 2013
VisualStudioVersion = 12.0.21005.1
MinimumVisualStudioVersion = 10.0.40219.1
Project("{E24C65DC-7377-472B-9ABA-BC803B73C61A}") = "Tiles", "http://localhost:64467", "{E33B6068-0129-48BD-AE10-5C0673E091B9}"
	ProjectSection(WebsiteProperties) = preProject
		UseIISExpress = "true"
		TargetFrameworkMoniker = ".NETFramework,Version%3Dv4.0"
		Debug.AspNetCompiler.VirtualPath = "/localhost_64467"
		Debug.AspNetCompiler.PhysicalPath = "..\Tiles\"
		Debug.AspNetCompiler.TargetPath = "PrecompiledWeb\localhost_64467\"
		Debug.AspNetCompiler.Updateable = "true"
		Debug.AspNetCompiler.ForceOverwrite = "true"
		Debug.AspNetCompiler.FixedNames = "false"
		Debug.AspNetCompiler.Debug = "True"
		Release.AspNetCompiler.VirtualPath = "/localhost_64467"
		Release.AspNetCompiler.PhysicalPath = "..\Tiles\"
		Release.AspNetCompiler.TargetPath = "PrecompiledWeb\localhost_64467\"
		Release.AspNetCompiler.Updateable = "true"
		Release.AspNetCompiler.ForceOverwrite = "true"
		Release.AspNetCompiler.FixedNames = "false"
		Release.AspNetCompiler.Debug = "False"
		SlnRelativePath = "..\Tiles\"
	EndProjectSection
EndProject
Project("{2150E333-8FDC-42A3-9474-1A3956D46DE8}") = "Solution Items", "Solution Items", "{8E60F7F9-5CBE-4B4D-8DB0-8C20442716DC}"
	ProjectSection(SolutionItems) = preProject
		WE2013-settings.xml = WE2013-settings.xml
	EndProjectSection
EndProject
Global
	GlobalSection(SolutionConfigurationPlatforms) = preSolution
		Debug|Any CPU = Debug|Any CPU
	EndGlobalSection
	GlobalSection(ProjectConfigurationPlatforms) = postSolution
		{E33B6068-0129-48BD-AE10-5C0673E091B9}.Debug|Any CPU.ActiveCfg = Debug|Any CPU
		{E33B6068-0129-48BD-AE10-5C0673E091B9}.Debug|Any CPU.Build.0 = Debug|Any CPU
	EndGlobalSection
	GlobalSection(SolutionProperties) = preSolution
		HideSolutionNode = FALSE
	EndGlobalSection
EndGlobal
